
Microsoft Visual Studio Solution File, Format Version 12.00
# Visual Studio 15
VisualStudioVersion = 15.0.26730.15
MinimumVisualStudioVersion = 10.0.40219.1
Project("{FAE04EC0-301F-11D3-BF4B-00C04F79EFBC}") = "ToDo.WebUI", "ToDo.WebUI\ToDo.WebUI.csproj", "{EBA7EA6A-D110-4DC2-AA7F-1B39BD335AF2}"
EndProject
Project("{FAE04EC0-301F-11D3-BF4B-00C04F79EFBC}") = "ToDo.Domain", "ToDo.Domain\ToDo.Domain.csproj", "{2EB0D8F7-3B1A-4D36-B462-ED26CA9B49EA}"
EndProject
Global
	GlobalSection(SolutionConfigurationPlatforms) = preSolution
		Debug|Any CPU = Debug|Any CPU
		Release|Any CPU = Release|Any CPU
	EndGlobalSection
	GlobalSection(ProjectConfigurationPlatforms) = postSolution
		{EBA7EA6A-D110-4DC2-AA7F-1B39BD335AF2}.Debug|Any CPU.ActiveCfg = Debug|Any CPU
		{EBA7EA6A-D110-4DC2-AA7F-1B39BD335AF2}.Debug|Any CPU.Build.0 = Debug|Any CPU
		{EBA7EA6A-D110-4DC2-AA7F-1B39BD335AF2}.Release|Any CPU.ActiveCfg = Release|Any CPU
		{EBA7EA6A-D110-4DC2-AA7F-1B39BD335AF2}.Release|Any CPU.Build.0 = Release|Any CPU
		{2EB0D8F7-3B1A-4D36-B462-ED26CA9B49EA}.Debug|Any CPU.ActiveCfg = Debug|Any CPU
		{2EB0D8F7-3B1A-4D36-B462-ED26CA9B49EA}.Debug|Any CPU.Build.0 = Debug|Any CPU
		{2EB0D8F7-3B1A-4D36-B462-ED26CA9B49EA}.Release|Any CPU.ActiveCfg = Release|Any CPU
		{2EB0D8F7-3B1A-4D36-B462-ED26CA9B49EA}.Release|Any CPU.Build.0 = Release|Any CPU
	EndGlobalSection
	GlobalSection(SolutionProperties) = preSolution
		HideSolutionNode = FALSE
	EndGlobalSection
	GlobalSection(ExtensibilityGlobals) = postSolution
		SolutionGuid = {2DC2859B-6E36-4F62-817A-1527FEF30040}
	EndGlobalSection
EndGlobal
